// !$*UTF8*$!
{
	archiveVersion = 1;
	classes = {
	};
	objectVersion = 46;
	objects = {

/* Begin PBXBuildFile section */
		82652AF31DDC2A9500D4D612 /* main.m in Sources */ = {isa = PBXBuildFile; fileRef = 82652AF21DDC2A9500D4D612 /* main.m */; };
		82652AF61DDC2A9500D4D612 /* AppDelegate.m in Sources */ = {isa = PBXBuildFile; fileRef = 82652AF51DDC2A9500D4D612 /* AppDelegate.m */; };
		82652AF91DDC2A9500D4D612 /* ViewController.m in Sources */ = {isa = PBXBuildFile; fileRef = 82652AF81DDC2A9500D4D612 /* ViewController.m */; };
		82652AFC1DDC2A9500D4D612 /* Main.storyboard in Resources */ = {isa = PBXBuildFile; fileRef = 82652AFA1DDC2A9500D4D612 /* Main.storyboard */; };
		82652AFE1DDC2A9500D4D612 /* Assets.xcassets in Resources */ = {isa = PBXBuildFile; fileRef = 82652AFD1DDC2A9500D4D612 /* Assets.xcassets */; };
		82652B011DDC2A9500D4D612 /* LaunchScreen.storyboard in Resources */ = {isa = PBXBuildFile; fileRef = 82652AFF1DDC2A9500D4D612 /* LaunchScreen.storyboard */; };
		82652B0C1DDC2A9500D4D612 /* issue_2_background_core_dataTests.m in Sources */ = {isa = PBXBuildFile; fileRef = 82652B0B1DDC2A9500D4D612 /* issue_2_background_core_dataTests.m */; };
		82652B171DDC2A9500D4D612 /* issue_2_background_core_dataUITests.m in Sources */ = {isa = PBXBuildFile; fileRef = 82652B161DDC2A9500D4D612 /* issue_2_background_core_dataUITests.m */; };
/* End PBXBuildFile section */

/* Begin PBXContainerItemProxy section */
		82652B081DDC2A9500D4D612 /* PBXContainerItemProxy */ = {
			isa = PBXContainerItemProxy;
			containerPortal = 82652AE61DDC2A9500D4D612 /* Project object */;
			proxyType = 1;
			remoteGlobalIDString = 82652AED1DDC2A9500D4D612;
			remoteInfo = "issue-2-background-core-data";
		};
		82652B131DDC2A9500D4D612 /* PBXContainerItemProxy */ = {
			isa = PBXContainerItemProxy;
			containerPortal = 82652AE61DDC2A9500D4D612 /* Project object */;
			proxyType = 1;
			remoteGlobalIDString = 82652AED1DDC2A9500D4D612;
			remoteInfo = "issue-2-background-core-data";
		};
/* End PBXContainerItemProxy section */

/* Begin PBXFileReference section */
		82652AEE1DDC2A9500D4D612 /* issue-2-background-core-data.app */ = {isa = PBXFileReference; explicitFileType = wrapper.application; includeInIndex = 0; path = "issue-2-background-core-data.app"; sourceTree = BUILT_PRODUCTS_DIR; };
		82652AF21DDC2A9500D4D612 /* main.m */ = {isa = PBXFileReference; lastKnownFileType = sourcecode.c.objc; path = main.m; sourceTree = "<group>"; };
		82652AF41DDC2A9500D4D612 /* AppDelegate.h */ = {isa = PBXFileReference; lastKnownFileType = sourcecode.c.h; path = AppDelegate.h; sourceTree = "<group>"; };
		82652AF51DDC2A9500D4D612 /* AppDelegate.m */ = {isa = PBXFileReference; lastKnownFileType = sourcecode.c.objc; path = AppDelegate.m; sourceTree = "<group>"; };
		82652AF71DDC2A9500D4D612 /* ViewController.h */ = {isa = PBXFileReference; lastKnownFileType = sourcecode.c.h; path = ViewController.h; sourceTree = "<group>"; };
		82652AF81DDC2A9500D4D612 /* ViewController.m */ = {isa = PBXFileReference; lastKnownFileType = sourcecode.c.objc; path = ViewController.m; sourceTree = "<group>"; };
		82652AFB1DDC2A9500D4D612 /* Base */ = {isa = PBXFileReference; lastKnownFileType = file.storyboard; name = Base; path = Base.lproj/Main.storyboard; sourceTree = "<group>"; };
		82652AFD1DDC2A9500D4D612 /* Assets.xcassets */ = {isa = PBXFileReference; lastKnownFileType = folder.assetcatalog; path = Assets.xcassets; sourceTree = "<group>"; };
		82652B001DDC2A9500D4D612 /* Base */ = {isa = PBXFileReference; lastKnownFileType = file.storyboard; name = Base; path = Base.lproj/LaunchScreen.storyboard; sourceTree = "<group>"; };
		82652B021DDC2A9500D4D612 /* Info.plist */ = {isa = PBXFileReference; lastKnownFileType = text.plist.xml; path = Info.plist; sourceTree = "<group>"; };
		82652B071DDC2A9500D4D612 /* issue-2-background-core-dataTests.xctest */ = {isa = PBXFileReference; explicitFileType = wrapper.cfbundle; includeInIndex = 0; path = "issue-2-background-core-dataTests.xctest"; sourceTree = BUILT_PRODUCTS_DIR; };
		82652B0B1DDC2A9500D4D612 /* issue_2_background_core_dataTests.m */ = {isa = PBXFileReference; lastKnownFileType = sourcecode.c.objc; path = issue_2_background_core_dataTests.m; sourceTree = "<group>"; };
		82652B0D1DDC2A9500D4D612 /* Info.plist */ = {isa = PBXFileReference; lastKnownFileType = text.plist.xml; path = Info.plist; sourceTree = "<group>"; };
		82652B121DDC2A9500D4D612 /* issue-2-background-core-dataUITests.xctest */ = {isa = PBXFileReference; explicitFileType = wrapper.cfbundle; includeInIndex = 0; path = "issue-2-background-core-dataUITests.xctest"; sourceTree = BUILT_PRODUCTS_DIR; };
		82652B161DDC2A9500D4D612 /* issue_2_background_core_dataUITests.m */ = {isa = PBXFileReference; lastKnownFileType = sourcecode.c.objc; path = issue_2_background_core_dataUITests.m; sourceTree = "<group>"; };
		82652B181DDC2A9500D4D612 /* Info.plist */ = {isa = PBXFileReference; lastKnownFileType = text.plist.xml; path = Info.plist; sourceTree = "<group>"; };
/* End PBXFileReference section */

/* Begin PBXFrameworksBuildPhase section */
		82652AEB1DDC2A9500D4D612 /* Frameworks */ = {
			isa = PBXFrameworksBuildPhase;
			buildActionMask = 2147483647;
			files = (
			);
			runOnlyForDeploymentPostprocessing = 0;
		};
		82652B041DDC2A9500D4D612 /* Frameworks */ = {
			isa = PBXFrameworksBuildPhase;
			buildActionMask = 2147483647;
			files = (
			);
			runOnlyForDeploymentPostprocessing = 0;
		};
		82652B0F1DDC2A9500D4D612 /* Frameworks */ = {
			isa = PBXFrameworksBuildPhase;
			buildActionMask = 2147483647;
			files = (
			);
			runOnlyForDeploymentPostprocessing = 0;
		};
/* End PBXFrameworksBuildPhase section */

/* Begin PBXGroup section */
		82652AE51DDC2A9500D4D612 = {
			isa = PBXGroup;
			children = (
				82652AF01DDC2A9500D4D612 /* issue-2-background-core-data */,
				82652B0A1DDC2A9500D4D612 /* issue-2-background-core-dataTests */,
				82652B151DDC2A9500D4D612 /* issue-2-background-core-dataUITests */,
				82652AEF1DDC2A9500D4D612 /* Products */,
			);
			sourceTree = "<group>";
		};
		82652AEF1DDC2A9500D4D612 /* Products */ = {
			isa = PBXGroup;
			children = (
				82652AEE1DDC2A9500D4D612 /* issue-2-background-core-data.app */,
				82652B071DDC2A9500D4D612 /* issue-2-background-core-dataTests.xctest */,
				82652B121DDC2A9500D4D612 /* issue-2-background-core-dataUITests.xctest */,
			);
			name = Products;
			sourceTree = "<group>";
		};
		82652AF01DDC2A9500D4D612 /* issue-2-background-core-data */ = {
			isa = PBXGroup;
			children = (
				82652AF41DDC2A9500D4D612 /* AppDelegate.h */,
				82652AF51DDC2A9500D4D612 /* AppDelegate.m */,
				82652AF71DDC2A9500D4D612 /* ViewController.h */,
				82652AF81DDC2A9500D4D612 /* ViewController.m */,
				82652AFA1DDC2A9500D4D612 /* Main.storyboard */,
				82652AFD1DDC2A9500D4D612 /* Assets.xcassets */,
				82652AFF1DDC2A9500D4D612 /* LaunchScreen.storyboard */,
				82652B021DDC2A9500D4D612 /* Info.plist */,
				82652AF11DDC2A9500D4D612 /* Supporting Files */,
			);
			path = "issue-2-background-core-data";
			sourceTree = "<group>";
		};
		82652AF11DDC2A9500D4D612 /* Supporting Files */ = {
			isa = PBXGroup;
			children = (
				82652AF21DDC2A9500D4D612 /* main.m */,
			);
			name = "Supporting Files";
			sourceTree = "<group>";
		};
		82652B0A1DDC2A9500D4D612 /* issue-2-background-core-dataTests */ = {
			isa = PBXGroup;
			children = (
				82652B0B1DDC2A9500D4D612 /* issue_2_background_core_dataTests.m */,
				82652B0D1DDC2A9500D4D612 /* Info.plist */,
			);
			path = "issue-2-background-core-dataTests";
			sourceTree = "<group>";
		};
		82652B151DDC2A9500D4D612 /* issue-2-background-core-dataUITests */ = {
			isa = PBXGroup;
			children = (
				82652B161DDC2A9500D4D612 /* issue_2_background_core_dataUITests.m */,
				82652B181DDC2A9500D4D612 /* Info.plist */,
			);
			path = "issue-2-background-core-dataUITests";
			sourceTree = "<group>";
		};
/* End PBXGroup section */

/* Begin PBXNativeTarget section */
		82652AED1DDC2A9500D4D612 /* issue-2-background-core-data */ = {
			isa = PBXNativeTarget;
			buildConfigurationList = 82652B1B1DDC2A9500D4D612 /* Build configuration list for PBXNativeTarget "issue-2-background-core-data" */;
			buildPhases = (
				82652AEA1DDC2A9500D4D612 /* Sources */,
				82652AEB1DDC2A9500D4D612 /* Frameworks */,
				82652AEC1DDC2A9500D4D612 /* Resources */,
			);
			buildRules = (
			);
			dependencies = (
			);
			name = "issue-2-background-core-data";
			productName = "issue-2-background-core-data";
			productReference = 82652AEE1DDC2A9500D4D612 /* issue-2-background-core-data.app */;
			productType = "com.apple.product-type.application";
		};
		82652B061DDC2A9500D4D612 /* issue-2-background-core-dataTests */ = {
			isa = PBXNativeTarget;
			buildConfigurationList = 82652B1E1DDC2A9500D4D612 /* Build configuration list for PBXNativeTarget "issue-2-background-core-dataTests" */;
			buildPhases = (
				82652B031DDC2A9500D4D612 /* Sources */,
				82652B041DDC2A9500D4D612 /* Frameworks */,
				82652B051DDC2A9500D4D612 /* Resources */,
			);
			buildRules = (
			);
			dependencies = (
				82652B091DDC2A9500D4D612 /* PBXTargetDependency */,
			);
			name = "issue-2-background-core-dataTests";
			productName = "issue-2-background-core-dataTests";
			productReference = 82652B071DDC2A9500D4D612 /* issue-2-background-core-dataTests.xctest */;
			productType = "com.apple.product-type.bundle.unit-test";
		};
		82652B111DDC2A9500D4D612 /* issue-2-background-core-dataUITests */ = {
			isa = PBXNativeTarget;
			buildConfigurationList = 82652B211DDC2A9500D4D612 /* Build configuration list for PBXNativeTarget "issue-2-background-core-dataUITests" */;
			buildPhases = (
				82652B0E1DDC2A9500D4D612 /* Sources */,
				82652B0F1DDC2A9500D4D612 /* Frameworks */,
				82652B101DDC2A9500D4D612 /* Resources */,
			);
			buildRules = (
			);
			dependencies = (
				82652B141DDC2A9500D4D612 /* PBXTargetDependency */,
			);
			name = "issue-2-background-core-dataUITests";
			productName = "issue-2-background-core-dataUITests";
			productReference = 82652B121DDC2A9500D4D612 /* issue-2-background-core-dataUITests.xctest */;
			productType = "com.apple.product-type.bundle.ui-testing";
		};
/* End PBXNativeTarget section */

/* Begin PBXProject section */
		82652AE61DDC2A9500D4D612 /* Project object */ = {
			isa = PBXProject;
			attributes = {
				LastUpgradeCheck = 0730;
				ORGANIZATIONNAME = snow;
				TargetAttributes = {
					82652AED1DDC2A9500D4D612 = {
						CreatedOnToolsVersion = 7.3;
					};
					82652B061DDC2A9500D4D612 = {
						CreatedOnToolsVersion = 7.3;
						TestTargetID = 82652AED1DDC2A9500D4D612;
					};
					82652B111DDC2A9500D4D612 = {
						CreatedOnToolsVersion = 7.3;
						TestTargetID = 82652AED1DDC2A9500D4D612;
					};
				};
			};
			buildConfigurationList = 82652AE91DDC2A9500D4D612 /* Build configuration list for PBXProject "issue-2-background-core-data" */;
			compatibilityVersion = "Xcode 3.2";
			developmentRegion = English;
			hasScannedForEncodings = 0;
			knownRegions = (
				en,
				Base,
			);
			mainGroup = 82652AE51DDC2A9500D4D612;
			productRefGroup = 82652AEF1DDC2A9500D4D612 /* Products */;
			projectDirPath = "";
			projectRoot = "";
			targets = (
				82652AED1DDC2A9500D4D612 /* issue-2-background-core-data */,
				82652B061DDC2A9500D4D612 /* issue-2-background-core-dataTests */,
				82652B111DDC2A9500D4D612 /* issue-2-background-core-dataUITests */,
			);
		};
/* End PBXProject section */

/* Begin PBXResourcesBuildPhase section */
		82652AEC1DDC2A9500D4D612 /* Resources */ = {
			isa = PBXResourcesBuildPhase;
			buildActionMask = 2147483647;
			files = (
				82652B011DDC2A9500D4D612 /* LaunchScreen.storyboard in Resources */,
				82652AFE1DDC2A9500D4D612 /* Assets.xcassets in Resources */,
				82652AFC1DDC2A9500D4D612 /* Main.storyboard in Resources */,
			);
			runOnlyForDeploymentPostprocessing = 0;
		};
		82652B051DDC2A9500D4D612 /* Resources */ = {
			isa = PBXResourcesBuildPhase;
			buildActionMask = 2147483647;
			files = (
			);
			runOnlyForDeploymentPostprocessing = 0;
		};
		82652B101DDC2A9500D4D612 /* Resources */ = {
			isa = PBXResourcesBuildPhase;
			buildActionMask = 2147483647;
			files = (
			);
			runOnlyForDeploymentPostprocessing = 0;
		};
/* End PBXResourcesBuildPhase section */

/* Begin PBXSourcesBuildPhase section */
		82652AEA1DDC2A9500D4D612 /* Sources */ = {
			isa = PBXSourcesBuildPhase;
			buildActionMask = 2147483647;
			files = (
				82652AF91DDC2A9500D4D612 /* ViewController.m in Sources */,
				82652AF61DDC2A9500D4D612 /* AppDelegate.m in Sources */,
				82652AF31DDC2A9500D4D612 /* main.m in Sources */,
			);
			runOnlyForDeploymentPostprocessing = 0;
		};
		82652B031DDC2A9500D4D612 /* Sources */ = {
			isa = PBXSourcesBuildPhase;
			buildActionMask = 2147483647;
			files = (
				82652B0C1DDC2A9500D4D612 /* issue_2_background_core_dataTests.m in Sources */,
			);
			runOnlyForDeploymentPostprocessing = 0;
		};
		82652B0E1DDC2A9500D4D612 /* Sources */ = {
			isa = PBXSourcesBuildPhase;
			buildActionMask = 2147483647;
			files = (
				82652B171DDC2A9500D4D612 /* issue_2_background_core_dataUITests.m in Sources */,
			);
			runOnlyForDeploymentPostprocessing = 0;
		};
/* End PBXSourcesBuildPhase section */

/* Begin PBXTargetDependency section */
		82652B091DDC2A9500D4D612 /* PBXTargetDependency */ = {
			isa = PBXTargetDependency;
			target = 82652AED1DDC2A9500D4D612 /* issue-2-background-core-data */;
			targetProxy = 82652B081DDC2A9500D4D612 /* PBXContainerItemProxy */;
		};
		82652B141DDC2A9500D4D612 /* PBXTargetDependency */ = {
			isa = PBXTargetDependency;
			target = 82652AED1DDC2A9500D4D612 /* issue-2-background-core-data */;
			targetProxy = 82652B131DDC2A9500D4D612 /* PBXContainerItemProxy */;
		};
/* End PBXTargetDependency section */

/* Begin PBXVariantGroup section */
		82652AFA1DDC2A9500D4D612 /* Main.storyboard */ = {
			isa = PBXVariantGroup;
			children = (
				82652AFB1DDC2A9500D4D612 /* Base */,
			);
			name = Main.storyboard;
			sourceTree = "<group>";
		};
		82652AFF1DDC2A9500D4D612 /* LaunchScreen.storyboard */ = {
			isa = PBXVariantGroup;
			children = (
				82652B001DDC2A9500D4D612 /* Base */,
			);
			name = LaunchScreen.storyboard;
			sourceTree = "<group>";
		};
/* End PBXVariantGroup section */

/* Begin XCBuildConfiguration section */
		82652B191DDC2A9500D4D612 /* Debug */ = {
			isa = XCBuildConfiguration;
			buildSettings = {
				ALWAYS_SEARCH_USER_PATHS = NO;
				CLANG_ANALYZER_NONNULL = YES;
				CLANG_CXX_LANGUAGE_STANDARD = "gnu++0x";
				CLANG_CXX_LIBRARY = "libc++";
				CLANG_ENABLE_MODULES = YES;
				CLANG_ENABLE_OBJC_ARC = YES;
				CLANG_WARN_BOOL_CONVERSION = YES;
				CLANG_WARN_CONSTANT_CONVERSION = YES;
				CLANG_WARN_DIRECT_OBJC_ISA_USAGE = YES_ERROR;
				CLANG_WARN_EMPTY_BODY = YES;
				CLANG_WARN_ENUM_CONVERSION = YES;
				CLANG_WARN_INT_CONVERSION = YES;
				CLANG_WARN_OBJC_ROOT_CLASS = YES_ERROR;
				CLANG_WARN_UNREACHABLE_CODE = YES;
				CLANG_WARN__DUPLICATE_METHOD_MATCH = YES;
				"CODE_SIGN_IDENTITY[sdk=iphoneos*]" = "iPhone Developer";
				COPY_PHASE_STRIP = NO;
				DEBUG_INFORMATION_FORMAT = dwarf;
				ENABLE_STRICT_OBJC_MSGSEND = YES;
				ENABLE_TESTABILITY = YES;
				GCC_C_LANGUAGE_STANDARD = gnu99;
				GCC_DYNAMIC_NO_PIC = NO;
				GCC_NO_COMMON_BLOCKS = YES;
				GCC_OPTIMIZATION_LEVEL = 0;
				GCC_PREPROCESSOR_DEFINITIONS = (
					"DEBUG=1",
					"$(inherited)",
				);
				GCC_WARN_64_TO_32_BIT_CONVERSION = YES;
				GCC_WARN_ABOUT_RETURN_TYPE = YES_ERROR;
				GCC_WARN_UNDECLARED_SELECTOR = YES;
				GCC_WARN_UNINITIALIZED_AUTOS = YES_AGGRESSIVE;
				GCC_WARN_UNUSED_FUNCTION = YES;
				GCC_WARN_UNUSED_VARIABLE = YES;
				IPHONEOS_DEPLOYMENT_TARGET = 9.3;
				MTL_ENABLE_DEBUG_INFO = YES;
				ONLY_ACTIVE_ARCH = YES;
				SDKROOT = iphoneos;
			};
			name = Debug;
		};
		82652B1A1DDC2A9500D4D612 /* Release */ = {
			isa = XCBuildConfiguration;
			buildSettings = {
				ALWAYS_SEARCH_USER_PATHS = NO;
				CLANG_ANALYZER_NONNULL = YES;
				CLANG_CXX_LANGUAGE_STANDARD = "gnu++0x";
				CLANG_CXX_LIBRARY = "libc++";
				CLANG_ENABLE_MODULES = YES;
				CLANG_ENABLE_OBJC_ARC = YES;
				CLANG_WARN_BOOL_CONVERSION = YES;
				CLANG_WARN_CONSTANT_CONVERSION = YES;
				CLANG_WARN_DIRECT_OBJC_ISA_USAGE = YES_ERROR;
				CLANG_WARN_EMPTY_BODY = YES;
				CLANG_WARN_ENUM_CONVERSION = YES;
				CLANG_WARN_INT_CONVERSION = YES;
				CLANG_WARN_OBJC_ROOT_CLASS = YES_ERROR;
				CLANG_WARN_UNREACHABLE_CODE = YES;
				CLANG_WARN__DUPLICATE_METHOD_MATCH = YES;
				"CODE_SIGN_IDENTITY[sdk=iphoneos*]" = "iPhone Developer";
				COPY_PHASE_STRIP = NO;
				DEBUG_INFORMATION_FORMAT = "dwarf-with-dsym";
				ENABLE_NS_ASSERTIONS = NO;
				ENABLE_STRICT_OBJC_MSGSEND = YES;
				GCC_C_LANGUAGE_STANDARD = gnu99;
				GCC_NO_COMMON_BLOCKS = YES;
				GCC_WARN_64_TO_32_BIT_CONVERSION = YES;
				GCC_WARN_ABOUT_RETURN_TYPE = YES_ERROR;
				GCC_WARN_UNDECLARED_SELECTOR = YES;
				GCC_WARN_UNINITIALIZED_AUTOS = YES_AGGRESSIVE;
				GCC_WARN_UNUSED_FUNCTION = YES;
				GCC_WARN_UNUSED_VARIABLE = YES;
				IPHONEOS_DEPLOYMENT_TARGET = 9.3;
				MTL_ENABLE_DEBUG_INFO = NO;
				SDKROOT = iphoneos;
				VALIDATE_PRODUCT = YES;
			};
			name = Release;
		};
		82652B1C1DDC2A9500D4D612 /* Debug */ = {
			isa = XCBuildConfiguration;
			buildSettings = {
				ASSETCATALOG_COMPILER_APPICON_NAME = AppIcon;
				INFOPLIST_FILE = "issue-2-background-core-data/Info.plist";
				LD_RUNPATH_SEARCH_PATHS = "$(inherited) @executable_path/Frameworks";
				PRODUCT_BUNDLE_IDENTIFIER = "com.snow.issue-2-background-core-data";
				PRODUCT_NAME = "$(TARGET_NAME)";
			};
			name = Debug;
		};
		82652B1D1DDC2A9500D4D612 /* Release */ = {
			isa = XCBuildConfiguration;
			buildSettings = {
				ASSETCATALOG_COMPILER_APPICON_NAME = AppIcon;
				INFOPLIST_FILE = "issue-2-background-core-data/Info.plist";
				LD_RUNPATH_SEARCH_PATHS = "$(inherited) @executable_path/Frameworks";
				PRODUCT_BUNDLE_IDENTIFIER = "com.snow.issue-2-background-core-data";
				PRODUCT_NAME = "$(TARGET_NAME)";
			};
			name = Release;
		};
		82652B1F1DDC2A9500D4D612 /* Debug */ = {
			isa = XCBuildConfiguration;
			buildSettings = {
				BUNDLE_LOADER = "$(TEST_HOST)";
				INFOPLIST_FILE = "issue-2-background-core-dataTests/Info.plist";
				LD_RUNPATH_SEARCH_PATHS = "$(inherited) @executable_path/Frameworks @loader_path/Frameworks";
				PRODUCT_BUNDLE_IDENTIFIER = "com.snow.issue-2-background-core-dataTests";
				PRODUCT_NAME = "$(TARGET_NAME)";
				TEST_HOST = "$(BUILT_PRODUCTS_DIR)/issue-2-background-core-data.app/issue-2-background-core-data";
			};
			name = Debug;
		};
		82652B201DDC2A9500D4D612 /* Release */ = {
			isa = XCBuildConfiguration;
			buildSettings = {
				BUNDLE_LOADER = "$(TEST_HOST)";
				INFOPLIST_FILE = "issue-2-background-core-dataTests/Info.plist";
				LD_RUNPATH_SEARCH_PATHS = "$(inherited) @executable_path/Frameworks @loader_path/Frameworks";
				PRODUCT_BUNDLE_IDENTIFIER = "com.snow.issue-2-background-core-dataTests";
				PRODUCT_NAME = "$(TARGET_NAME)";
				TEST_HOST = "$(BUILT_PRODUCTS_DIR)/issue-2-background-core-data.app/issue-2-background-core-data";
			};
			name = Release;
		};
		82652B221DDC2A9500D4D612 /* Debug */ = {
			isa = XCBuildConfiguration;
			buildSettings = {
				INFOPLIST_FILE = "issue-2-background-core-dataUITests/Info.plist";
				LD_RUNPATH_SEARCH_PATHS = "$(inherited) @executable_path/Frameworks @loader_path/Frameworks";
				PRODUCT_BUNDLE_IDENTIFIER = "com.snow.issue-2-background-core-dataUITests";
				PRODUCT_NAME = "$(TARGET_NAME)";
				TEST_TARGET_NAME = "issue-2-background-core-data";
			};
			name = Debug;
		};
		82652B231DDC2A9500D4D612 /* Release */ = {
			isa = XCBuildConfiguration;
			buildSettings = {
				INFOPLIST_FILE = "issue-2-background-core-dataUITests/Info.plist";
				LD_RUNPATH_SEARCH_PATHS = "$(inherited) @executable_path/Frameworks @loader_path/Frameworks";
				PRODUCT_BUNDLE_IDENTIFIER = "com.snow.issue-2-background-core-dataUITests";
				PRODUCT_NAME = "$(TARGET_NAME)";
				TEST_TARGET_NAME = "issue-2-background-core-data";
			};
			name = Release;
		};
/* End XCBuildConfiguration section */

/* Begin XCConfigurationList section */
		82652AE91DDC2A9500D4D612 /* Build configuration list for PBXProject "issue-2-background-core-data" */ = {
			isa = XCConfigurationList;
			buildConfigurations = (
				82652B191DDC2A9500D4D612 /* Debug */,
				82652B1A1DDC2A9500D4D612 /* Release */,
			);
			defaultConfigurationIsVisible = 0;
			defaultConfigurationName = Release;
		};
		82652B1B1DDC2A9500D4D612 /* Build configuration list for PBXNativeTarget "issue-2-background-core-data" */ = {
			isa = XCConfigurationList;
			buildConfigurations = (
				82652B1C1DDC2A9500D4D612 /* Debug */,
				82652B1D1DDC2A9500D4D612 /* Release */,
			);
			defaultConfigurationIsVisible = 0;
		};
		82652B1E1DDC2A9500D4D612 /* Build configuration list for PBXNativeTarget "issue-2-background-core-dataTests" */ = {
			isa = XCConfigurationList;
			buildConfigurations = (
				82652B1F1DDC2A9500D4D612 /* Debug */,
				82652B201DDC2A9500D4D612 /* Release */,
			);
			defaultConfigurationIsVisible = 0;
		};
		82652B211DDC2A9500D4D612 /* Build configuration list for PBXNativeTarget "issue-2-background-core-dataUITests" */ = {
			isa = XCConfigurationList;
			buildConfigurations = (
				82652B221DDC2A9500D4D612 /* Debug */,
				82652B231DDC2A9500D4D612 /* Release */,
			);
			defaultConfigurationIsVisible = 0;
		};
/* End XCConfigurationList section */
	};
	rootObject = 82652AE61DDC2A9500D4D612 /* Project object */;
}
